
Microsoft Visual Studio Solution File, Format Version 12.00
Project("{FAE04EC0-301F-11D3-BF4B-00C04F79EFBC}") = "ALFA", "ALFA\ALFA.csproj", "{C5E3F4B4-47F1-41A8-8CD4-36EB62067982}"
EndProject
Project("{FAE04EC0-301F-11D3-BF4B-00C04F79EFBC}") = "AlfaTest", "AlfaTest\AlfaTest.csproj", "{1CD6283F-2461-42D9-8276-1784AFCD1BDE}"
EndProject
Global
	GlobalSection(SolutionConfigurationPlatforms) = preSolution
		Debug|Any CPU = Debug|Any CPU
		Release|Any CPU = Release|Any CPU
	EndGlobalSection
	GlobalSection(ProjectConfigurationPlatforms) = postSolution
		{C5E3F4B4-47F1-41A8-8CD4-36EB62067982}.Debug|Any CPU.ActiveCfg = Debug|Any CPU
		{C5E3F4B4-47F1-41A8-8CD4-36EB62067982}.Debug|Any CPU.Build.0 = Debug|Any CPU
		{C5E3F4B4-47F1-41A8-8CD4-36EB62067982}.Release|Any CPU.ActiveCfg = Release|Any CPU
		{C5E3F4B4-47F1-41A8-8CD4-36EB62067982}.Release|Any CPU.Build.0 = Release|Any CPU
		{1CD6283F-2461-42D9-8276-1784AFCD1BDE}.Debug|Any CPU.ActiveCfg = Debug|Any CPU
		{1CD6283F-2461-42D9-8276-1784AFCD1BDE}.Debug|Any CPU.Build.0 = Debug|Any CPU
		{1CD6283F-2461-42D9-8276-1784AFCD1BDE}.Release|Any CPU.ActiveCfg = Release|Any CPU
		{1CD6283F-2461-42D9-8276-1784AFCD1BDE}.Release|Any CPU.Build.0 = Release|Any CPU
	EndGlobalSection
EndGlobal
